
Microsoft Visual Studio Solution File, Format Version 12.00
# Visual Studio Version 16
VisualStudioVersion = 16.0.30413.136
MinimumVisualStudioVersion = 10.0.40219.1
Project("{FAE04EC0-301F-11D3-BF4B-00C04F79EFBC}") = "Entidades", "Entidades\Entidades.csproj", "{7E67BBE9-9D0A-46A1-A06C-CC54EF81B624}"
EndProject
Project("{FAE04EC0-301F-11D3-BF4B-00C04F79EFBC}") = "MiCalculadora", "MiCalculadora\MiCalculadora.csproj", "{FD6FEBD8-45C2-4D54-923A-203D369CB48A}"
EndProject
Global
	GlobalSection(SolutionConfigurationPlatforms) = preSolution
		Debug|Any CPU = Debug|Any CPU
		Release|Any CPU = Release|Any CPU
	EndGlobalSection
	GlobalSection(ProjectConfigurationPlatforms) = postSolution
		{7E67BBE9-9D0A-46A1-A06C-CC54EF81B624}.Debug|Any CPU.ActiveCfg = Debug|Any CPU
		{7E67BBE9-9D0A-46A1-A06C-CC54EF81B624}.Debug|Any CPU.Build.0 = Debug|Any CPU
		{7E67BBE9-9D0A-46A1-A06C-CC54EF81B624}.Release|Any CPU.ActiveCfg = Release|Any CPU
		{7E67BBE9-9D0A-46A1-A06C-CC54EF81B624}.Release|Any CPU.Build.0 = Release|Any CPU
		{FD6FEBD8-45C2-4D54-923A-203D369CB48A}.Debug|Any CPU.ActiveCfg = Debug|Any CPU
		{FD6FEBD8-45C2-4D54-923A-203D369CB48A}.Debug|Any CPU.Build.0 = Debug|Any CPU
		{FD6FEBD8-45C2-4D54-923A-203D369CB48A}.Release|Any CPU.ActiveCfg = Release|Any CPU
		{FD6FEBD8-45C2-4D54-923A-203D369CB48A}.Release|Any CPU.Build.0 = Release|Any CPU
	EndGlobalSection
	GlobalSection(SolutionProperties) = preSolution
		HideSolutionNode = FALSE
	EndGlobalSection
	GlobalSection(ExtensibilityGlobals) = postSolution
		SolutionGuid = {A7B83F63-4E8F-4E62-ABEF-47869C18FB22}
	EndGlobalSection
EndGlobal
