
Microsoft Visual Studio Solution File, Format Version 12.00
# Visual Studio 15
VisualStudioVersion = 15.0.28307.779
MinimumVisualStudioVersion = 10.0.40219.1
Project("{FAE04EC0-301F-11D3-BF4B-00C04F79EFBC}") = "Ejercicio_19", "Ejercicio_19\Ejercicio_19.csproj", "{6C19CA0C-ED8B-4764-9D6B-7E69FD1F197F}"
EndProject
Global
	GlobalSection(SolutionConfigurationPlatforms) = preSolution
		Debug|Any CPU = Debug|Any CPU
		Release|Any CPU = Release|Any CPU
	EndGlobalSection
	GlobalSection(ProjectConfigurationPlatforms) = postSolution
		{6C19CA0C-ED8B-4764-9D6B-7E69FD1F197F}.Debug|Any CPU.ActiveCfg = Debug|Any CPU
		{6C19CA0C-ED8B-4764-9D6B-7E69FD1F197F}.Debug|Any CPU.Build.0 = Debug|Any CPU
		{6C19CA0C-ED8B-4764-9D6B-7E69FD1F197F}.Release|Any CPU.ActiveCfg = Release|Any CPU
		{6C19CA0C-ED8B-4764-9D6B-7E69FD1F197F}.Release|Any CPU.Build.0 = Release|Any CPU
	EndGlobalSection
	GlobalSection(SolutionProperties) = preSolution
		HideSolutionNode = FALSE
	EndGlobalSection
	GlobalSection(ExtensibilityGlobals) = postSolution
		SolutionGuid = {09A1CC7F-2A06-4F23-AD4B-9963542D8786}
	EndGlobalSection
EndGlobal
