
Microsoft Visual Studio Solution File, Format Version 12.00
# Visual Studio Version 16
VisualStudioVersion = 16.0.30413.136
MinimumVisualStudioVersion = 10.0.40219.1
Project("{FAE04EC0-301F-11D3-BF4B-00C04F79EFBC}") = "Entidades", "Entidades\Entidades.csproj", "{49BD56BC-65BC-41A0-8351-202A70B7A3DA}"
EndProject
Project("{FAE04EC0-301F-11D3-BF4B-00C04F79EFBC}") = "MiCalculadora", "MiCalculadora\MiCalculadora.csproj", "{F3743B25-8815-4471-9ACC-6ACFDEF365E8}"
EndProject
Global
	GlobalSection(SolutionConfigurationPlatforms) = preSolution
		Debug|Any CPU = Debug|Any CPU
		Release|Any CPU = Release|Any CPU
	EndGlobalSection
	GlobalSection(ProjectConfigurationPlatforms) = postSolution
		{49BD56BC-65BC-41A0-8351-202A70B7A3DA}.Debug|Any CPU.ActiveCfg = Debug|Any CPU
		{49BD56BC-65BC-41A0-8351-202A70B7A3DA}.Debug|Any CPU.Build.0 = Debug|Any CPU
		{49BD56BC-65BC-41A0-8351-202A70B7A3DA}.Release|Any CPU.ActiveCfg = Release|Any CPU
		{49BD56BC-65BC-41A0-8351-202A70B7A3DA}.Release|Any CPU.Build.0 = Release|Any CPU
		{F3743B25-8815-4471-9ACC-6ACFDEF365E8}.Debug|Any CPU.ActiveCfg = Debug|Any CPU
		{F3743B25-8815-4471-9ACC-6ACFDEF365E8}.Debug|Any CPU.Build.0 = Debug|Any CPU
		{F3743B25-8815-4471-9ACC-6ACFDEF365E8}.Release|Any CPU.ActiveCfg = Release|Any CPU
		{F3743B25-8815-4471-9ACC-6ACFDEF365E8}.Release|Any CPU.Build.0 = Release|Any CPU
	EndGlobalSection
	GlobalSection(SolutionProperties) = preSolution
		HideSolutionNode = FALSE
	EndGlobalSection
	GlobalSection(ExtensibilityGlobals) = postSolution
		SolutionGuid = {479B1987-AF46-4C6B-BEF3-03031D3DE4A3}
	EndGlobalSection
EndGlobal
